
Microsoft Visual Studio Solution File, Format Version 12.00
# Visual Studio Version 16
VisualStudioVersion = 16.0.28822.285
MinimumVisualStudioVersion = 10.0.40219.1
Project("{FAE04EC0-301F-11D3-BF4B-00C04F79EFBC}") = "BlazorMessageSizeBug", "BlazorMessageSizeBug\BlazorMessageSizeBug.csproj", "{F69121AE-71D6-4425-8989-1866CDE462BE}"
EndProject
Global
	GlobalSection(SolutionConfigurationPlatforms) = preSolution
		Debug|Any CPU = Debug|Any CPU
		Release|Any CPU = Release|Any CPU
	EndGlobalSection
	GlobalSection(ProjectConfigurationPlatforms) = postSolution
		{F69121AE-71D6-4425-8989-1866CDE462BE}.Debug|Any CPU.ActiveCfg = Debug|Any CPU
		{F69121AE-71D6-4425-8989-1866CDE462BE}.Debug|Any CPU.Build.0 = Debug|Any CPU
		{F69121AE-71D6-4425-8989-1866CDE462BE}.Release|Any CPU.ActiveCfg = Release|Any CPU
		{F69121AE-71D6-4425-8989-1866CDE462BE}.Release|Any CPU.Build.0 = Release|Any CPU
	EndGlobalSection
	GlobalSection(SolutionProperties) = preSolution
		HideSolutionNode = FALSE
	EndGlobalSection
	GlobalSection(ExtensibilityGlobals) = postSolution
		SolutionGuid = {FB25C789-EF42-43C4-A8B9-C51A14FA0A23}
	EndGlobalSection
EndGlobal
